// !$*UTF8*$!
{
	archiveVersion = 1;
	classes = {
	};
	objectVersion = 50;
	objects = {

/* Begin PBXBuildFile section */
		44BD0444230E8A1A0075A50F /* AppDelegate.swift in Sources */ = {isa = PBXBuildFile; fileRef = 44BD0443230E8A1A0075A50F /* AppDelegate.swift */; };
		44BD0446230E8A1A0075A50F /* ViewController.swift in Sources */ = {isa = PBXBuildFile; fileRef = 44BD0445230E8A1A0075A50F /* ViewController.swift */; };
		44BD0449230E8A1A0075A50F /* Main.storyboard in Resources */ = {isa = PBXBuildFile; fileRef = 44BD0447230E8A1A0075A50F /* Main.storyboard */; };
		44BD044B230E8A1B0075A50F /* Assets.xcassets in Resources */ = {isa = PBXBuildFile; fileRef = 44BD044A230E8A1B0075A50F /* Assets.xcassets */; };
		44BD044E230E8A1B0075A50F /* LaunchScreen.storyboard in Resources */ = {isa = PBXBuildFile; fileRef = 44BD044C230E8A1B0075A50F /* LaunchScreen.storyboard */; };
		44BD0456230E8C560075A50F /* hustle-on.wav in Resources */ = {isa = PBXBuildFile; fileRef = 44BD0455230E8C550075A50F /* hustle-on.wav */; };
/* End PBXBuildFile section */

/* Begin PBXFileReference section */
		44BD0440230E8A1A0075A50F /* Hustle.app */ = {isa = PBXFileReference; explicitFileType = wrapper.application; includeInIndex = 0; path = Hustle.app; sourceTree = BUILT_PRODUCTS_DIR; };
		44BD0443230E8A1A0075A50F /* AppDelegate.swift */ = {isa = PBXFileReference; lastKnownFileType = sourcecode.swift; path = AppDelegate.swift; sourceTree = "<group>"; };
		44BD0445230E8A1A0075A50F /* ViewController.swift */ = {isa = PBXFileReference; lastKnownFileType = sourcecode.swift; path = ViewController.swift; sourceTree = "<group>"; };
		44BD0448230E8A1A0075A50F /* Base */ = {isa = PBXFileReference; lastKnownFileType = file.storyboard; name = Base; path = Base.lproj/Main.storyboard; sourceTree = "<group>"; };
		44BD044A230E8A1B0075A50F /* Assets.xcassets */ = {isa = PBXFileReference; lastKnownFileType = folder.assetcatalog; path = Assets.xcassets; sourceTree = "<group>"; };
		44BD044D230E8A1B0075A50F /* Base */ = {isa = PBXFileReference; lastKnownFileType = file.storyboard; name = Base; path = Base.lproj/LaunchScreen.storyboard; sourceTree = "<group>"; };
		44BD044F230E8A1B0075A50F /* Info.plist */ = {isa = PBXFileReference; lastKnownFileType = text.plist.xml; path = Info.plist; sourceTree = "<group>"; };
		44BD0455230E8C550075A50F /* hustle-on.wav */ = {isa = PBXFileReference; lastKnownFileType = audio.wav; path = "hustle-on.wav"; sourceTree = "<group>"; };
/* End PBXFileReference section */

/* Begin PBXFrameworksBuildPhase section */
		44BD043D230E8A1A0075A50F /* Frameworks */ = {
			isa = PBXFrameworksBuildPhase;
			buildActionMask = 2147483647;
			files = (
			);
			runOnlyForDeploymentPostprocessing = 0;
		};
/* End PBXFrameworksBuildPhase section */

/* Begin PBXGroup section */
		44BD0437230E8A1A0075A50F = {
			isa = PBXGroup;
			children = (
				44BD0442230E8A1A0075A50F /* Hustle */,
				44BD0441230E8A1A0075A50F /* Products */,
			);
			sourceTree = "<group>";
		};
		44BD0441230E8A1A0075A50F /* Products */ = {
			isa = PBXGroup;
			children = (
				44BD0440230E8A1A0075A50F /* Hustle.app */,
			);
			name = Products;
			sourceTree = "<group>";
		};
		44BD0442230E8A1A0075A50F /* Hustle */ = {
			isa = PBXGroup;
			children = (
				44BD0455230E8C550075A50F /* hustle-on.wav */,
				44BD0443230E8A1A0075A50F /* AppDelegate.swift */,
				44BD0445230E8A1A0075A50F /* ViewController.swift */,
				44BD0447230E8A1A0075A50F /* Main.storyboard */,
				44BD044A230E8A1B0075A50F /* Assets.xcassets */,
				44BD044C230E8A1B0075A50F /* LaunchScreen.storyboard */,
				44BD044F230E8A1B0075A50F /* Info.plist */,
			);
			path = Hustle;
			sourceTree = "<group>";
		};
/* End PBXGroup section */

/* Begin PBXNativeTarget section */
		44BD043F230E8A1A0075A50F /* Hustle */ = {
			isa = PBXNativeTarget;
			buildConfigurationList = 44BD0452230E8A1B0075A50F /* Build configuration list for PBXNativeTarget "Hustle" */;
			buildPhases = (
				44BD043C230E8A1A0075A50F /* Sources */,
				44BD043D230E8A1A0075A50F /* Frameworks */,
				44BD043E230E8A1A0075A50F /* Resources */,
			);
			buildRules = (
			);
			dependencies = (
			);
			name = Hustle;
			productName = Hustle;
			productReference = 44BD0440230E8A1A0075A50F /* Hustle.app */;
			productType = "com.apple.product-type.application";
		};
/* End PBXNativeTarget section */

/* Begin PBXProject section */
		44BD0438230E8A1A0075A50F /* Project object */ = {
			isa = PBXProject;
			attributes = {
				LastSwiftUpdateCheck = 1010;
				LastUpgradeCheck = 1010;
				ORGANIZATIONNAME = Winston;
				TargetAttributes = {
					44BD043F230E8A1A0075A50F = {
						CreatedOnToolsVersion = 10.1;
					};
				};
			};
			buildConfigurationList = 44BD043B230E8A1A0075A50F /* Build configuration list for PBXProject "Hustle" */;
			compatibilityVersion = "Xcode 9.3";
			developmentRegion = en;
			hasScannedForEncodings = 0;
			knownRegions = (
				en,
				Base,
			);
			mainGroup = 44BD0437230E8A1A0075A50F;
			productRefGroup = 44BD0441230E8A1A0075A50F /* Products */;
			projectDirPath = "";
			projectRoot = "";
			targets = (
				44BD043F230E8A1A0075A50F /* Hustle */,
			);
		};
/* End PBXProject section */

/* Begin PBXResourcesBuildPhase section */
		44BD043E230E8A1A0075A50F /* Resources */ = {
			isa = PBXResourcesBuildPhase;
			buildActionMask = 2147483647;
			files = (
				44BD0456230E8C560075A50F /* hustle-on.wav in Resources */,
				44BD044E230E8A1B0075A50F /* LaunchScreen.storyboard in Resources */,
				44BD044B230E8A1B0075A50F /* Assets.xcassets in Resources */,
				44BD0449230E8A1A0075A50F /* Main.storyboard in Resources */,
			);
			runOnlyForDeploymentPostprocessing = 0;
		};
/* End PBXResourcesBuildPhase section */

/* Begin PBXSourcesBuildPhase section */
		44BD043C230E8A1A0075A50F /* Sources */ = {
			isa = PBXSourcesBuildPhase;
			buildActionMask = 2147483647;
			files = (
				44BD0446230E8A1A0075A50F /* ViewController.swift in Sources */,
				44BD0444230E8A1A0075A50F /* AppDelegate.swift in Sources */,
			);
			runOnlyForDeploymentPostprocessing = 0;
		};
/* End PBXSourcesBuildPhase section */

/* Begin PBXVariantGroup section */
		44BD0447230E8A1A0075A50F /* Main.storyboard */ = {
			isa = PBXVariantGroup;
			children = (
				44BD0448230E8A1A0075A50F /* Base */,
			);
			name = Main.storyboard;
			sourceTree = "<group>";
		};
		44BD044C230E8A1B0075A50F /* LaunchScreen.storyboard */ = {
			isa = PBXVariantGroup;
			children = (
				44BD044D230E8A1B0075A50F /* Base */,
			);
			name = LaunchScreen.storyboard;
			sourceTree = "<group>";
		};
/* End PBXVariantGroup section */

/* Begin XCBuildConfiguration section */
		44BD0450230E8A1B0075A50F /* Debug */ = {
			isa = XCBuildConfiguration;
			buildSettings = {
				ALWAYS_SEARCH_USER_PATHS = NO;
				CLANG_ANALYZER_NONNULL = YES;
				CLANG_ANALYZER_NUMBER_OBJECT_CONVERSION = YES_AGGRESSIVE;
				CLANG_CXX_LANGUAGE_STANDARD = "gnu++14";
				CLANG_CXX_LIBRARY = "libc++";
				CLANG_ENABLE_MODULES = YES;
				CLANG_ENABLE_OBJC_ARC = YES;
				CLANG_ENABLE_OBJC_WEAK = YES;
				CLANG_WARN_BLOCK_CAPTURE_AUTORELEASING = YES;
				CLANG_WARN_BOOL_CONVERSION = YES;
				CLANG_WARN_COMMA = YES;
				CLANG_WARN_CONSTANT_CONVERSION = YES;
				CLANG_WARN_DEPRECATED_OBJC_IMPLEMENTATIONS = YES;
				CLANG_WARN_DIRECT_OBJC_ISA_USAGE = YES_ERROR;
				CLANG_WARN_DOCUMENTATION_COMMENTS = YES;
				CLANG_WARN_EMPTY_BODY = YES;
				CLANG_WARN_ENUM_CONVERSION = YES;
				CLANG_WARN_INFINITE_RECURSION = YES;
				CLANG_WARN_INT_CONVERSION = YES;
				CLANG_WARN_NON_LITERAL_NULL_CONVERSION = YES;
				CLANG_WARN_OBJC_IMPLICIT_RETAIN_SELF = YES;
				CLANG_WARN_OBJC_LITERAL_CONVERSION = YES;
				CLANG_WARN_OBJC_ROOT_CLASS = YES_ERROR;
				CLANG_WARN_RANGE_LOOP_ANALYSIS = YES;
				CLANG_WARN_STRICT_PROTOTYPES = YES;
				CLANG_WARN_SUSPICIOUS_MOVE = YES;
				CLANG_WARN_UNGUARDED_AVAILABILITY = YES_AGGRESSIVE;
				CLANG_WARN_UNREACHABLE_CODE = YES;
				CLANG_WARN__DUPLICATE_METHOD_MATCH = YES;
				CODE_SIGN_IDENTITY = "iPhone Developer";
				COPY_PHASE_STRIP = NO;
				DEBUG_INFORMATION_FORMAT = dwarf;
				ENABLE_STRICT_OBJC_MSGSEND = YES;
				ENABLE_TESTABILITY = YES;
				GCC_C_LANGUAGE_STANDARD = gnu11;
				GCC_DYNAMIC_NO_PIC = NO;
				GCC_NO_COMMON_BLOCKS = YES;
				GCC_OPTIMIZATION_LEVEL = 0;
				GCC_PREPROCESSOR_DEFINITIONS = (
					"DEBUG=1",
					"$(inherited)",
				);
				GCC_WARN_64_TO_32_BIT_CONVERSION = YES;
				GCC_WARN_ABOUT_RETURN_TYPE = YES_ERROR;
				GCC_WARN_UNDECLARED_SELECTOR = YES;
				GCC_WARN_UNINITIALIZED_AUTOS = YES_AGGRESSIVE;
				GCC_WARN_UNUSED_FUNCTION = YES;
				GCC_WARN_UNUSED_VARIABLE = YES;
				IPHONEOS_DEPLOYMENT_TARGET = 12.1;
				MTL_ENABLE_DEBUG_INFO = INCLUDE_SOURCE;
				MTL_FAST_MATH = YES;
				ONLY_ACTIVE_ARCH = YES;
				SDKROOT = iphoneos;
				SWIFT_ACTIVE_COMPILATION_CONDITIONS = DEBUG;
				SWIFT_OPTIMIZATION_LEVEL = "-Onone";
			};
			name = Debug;
		};
		44BD0451230E8A1B0075A50F /* Release */ = {
			isa = XCBuildConfiguration;
			buildSettings = {
				ALWAYS_SEARCH_USER_PATHS = NO;
				CLANG_ANALYZER_NONNULL = YES;
				CLANG_ANALYZER_NUMBER_OBJECT_CONVERSION = YES_AGGRESSIVE;
				CLANG_CXX_LANGUAGE_STANDARD = "gnu++14";
				CLANG_CXX_LIBRARY = "libc++";
				CLANG_ENABLE_MODULES = YES;
				CLANG_ENABLE_OBJC_ARC = YES;
				CLANG_ENABLE_OBJC_WEAK = YES;
				CLANG_WARN_BLOCK_CAPTURE_AUTORELEASING = YES;
				CLANG_WARN_BOOL_CONVERSION = YES;
				CLANG_WARN_COMMA = YES;
				CLANG_WARN_CONSTANT_CONVERSION = YES;
				CLANG_WARN_DEPRECATED_OBJC_IMPLEMENTATIONS = YES;
				CLANG_WARN_DIRECT_OBJC_ISA_USAGE = YES_ERROR;
				CLANG_WARN_DOCUMENTATION_COMMENTS = YES;
				CLANG_WARN_EMPTY_BODY = YES;
				CLANG_WARN_ENUM_CONVERSION = YES;
				CLANG_WARN_INFINITE_RECURSION = YES;
				CLANG_WARN_INT_CONVERSION = YES;
				CLANG_WARN_NON_LITERAL_NULL_CONVERSION = YES;
				CLANG_WARN_OBJC_IMPLICIT_RETAIN_SELF = YES;
				CLANG_WARN_OBJC_LITERAL_CONVERSION = YES;
				CLANG_WARN_OBJC_ROOT_CLASS = YES_ERROR;
				CLANG_WARN_RANGE_LOOP_ANALYSIS = YES;
				CLANG_WARN_STRICT_PROTOTYPES = YES;
				CLANG_WARN_SUSPICIOUS_MOVE = YES;
				CLANG_WARN_UNGUARDED_AVAILABILITY = YES_AGGRESSIVE;
				CLANG_WARN_UNREACHABLE_CODE = YES;
				CLANG_WARN__DUPLICATE_METHOD_MATCH = YES;
				CODE_SIGN_IDENTITY = "iPhone Developer";
				COPY_PHASE_STRIP = NO;
				DEBUG_INFORMATION_FORMAT = "dwarf-with-dsym";
				ENABLE_NS_ASSERTIONS = NO;
				ENABLE_STRICT_OBJC_MSGSEND = YES;
				GCC_C_LANGUAGE_STANDARD = gnu11;
				GCC_NO_COMMON_BLOCKS = YES;
				GCC_WARN_64_TO_32_BIT_CONVERSION = YES;
				GCC_WARN_ABOUT_RETURN_TYPE = YES_ERROR;
				GCC_WARN_UNDECLARED_SELECTOR = YES;
				GCC_WARN_UNINITIALIZED_AUTOS = YES_AGGRESSIVE;
				GCC_WARN_UNUSED_FUNCTION = YES;
				GCC_WARN_UNUSED_VARIABLE = YES;
				IPHONEOS_DEPLOYMENT_TARGET = 12.1;
				MTL_ENABLE_DEBUG_INFO = NO;
				MTL_FAST_MATH = YES;
				SDKROOT = iphoneos;
				SWIFT_COMPILATION_MODE = wholemodule;
				SWIFT_OPTIMIZATION_LEVEL = "-O";
				VALIDATE_PRODUCT = YES;
			};
			name = Release;
		};
		44BD0453230E8A1B0075A50F /* Debug */ = {
			isa = XCBuildConfiguration;
			buildSettings = {
				ASSETCATALOG_COMPILER_APPICON_NAME = AppIcon;
				CODE_SIGN_STYLE = Automatic;
				INFOPLIST_FILE = Hustle/Info.plist;
				LD_RUNPATH_SEARCH_PATHS = (
					"$(inherited)",
					"@executable_path/Frameworks",
				);
				PRODUCT_BUNDLE_IDENTIFIER = IDev.Hustle;
				PRODUCT_NAME = "$(TARGET_NAME)";
				SWIFT_VERSION = 4.2;
				TARGETED_DEVICE_FAMILY = "1,2";
			};
			name = Debug;
		};
		44BD0454230E8A1B0075A50F /* Release */ = {
			isa = XCBuildConfiguration;
			buildSettings = {
				ASSETCATALOG_COMPILER_APPICON_NAME = AppIcon;
				CODE_SIGN_STYLE = Automatic;
				INFOPLIST_FILE = Hustle/Info.plist;
				LD_RUNPATH_SEARCH_PATHS = (
					"$(inherited)",
					"@executable_path/Frameworks",
				);
				PRODUCT_BUNDLE_IDENTIFIER = IDev.Hustle;
				PRODUCT_NAME = "$(TARGET_NAME)";
				SWIFT_VERSION = 4.2;
				TARGETED_DEVICE_FAMILY = "1,2";
			};
			name = Release;
		};
/* End XCBuildConfiguration section */

/* Begin XCConfigurationList section */
		44BD043B230E8A1A0075A50F /* Build configuration list for PBXProject "Hustle" */ = {
			isa = XCConfigurationList;
			buildConfigurations = (
				44BD0450230E8A1B0075A50F /* Debug */,
				44BD0451230E8A1B0075A50F /* Release */,
			);
			defaultConfigurationIsVisible = 0;
			defaultConfigurationName = Release;
		};
		44BD0452230E8A1B0075A50F /* Build configuration list for PBXNativeTarget "Hustle" */ = {
			isa = XCConfigurationList;
			buildConfigurations = (
				44BD0453230E8A1B0075A50F /* Debug */,
				44BD0454230E8A1B0075A50F /* Release */,
			);
			defaultConfigurationIsVisible = 0;
			defaultConfigurationName = Release;
		};
/* End XCConfigurationList section */
	};
	rootObject = 44BD0438230E8A1A0075A50F /* Project object */;
}
